
Microsoft Visual Studio Solution File, Format Version 12.00
# Visual Studio Version 17
VisualStudioVersion = 17.11.35222.181
MinimumVisualStudioVersion = 10.0.40219.1
Project("{9A19103F-16F7-4668-BE54-9A1E7A4F7556}") = "PullReqInfoCollector", "PullReqInfoCollector\PullReqInfoCollector.csproj", "{996A5826-6081-487E-BAF9-F21CEC8D1E39}"
EndProject
Global
	GlobalSection(SolutionConfigurationPlatforms) = preSolution
		Debug|x64 = Debug|x64
		Release|x64 = Release|x64
	EndGlobalSection
	GlobalSection(ProjectConfigurationPlatforms) = postSolution
		{996A5826-6081-487E-BAF9-F21CEC8D1E39}.Debug|x64.ActiveCfg = Debug|x64
		{996A5826-6081-487E-BAF9-F21CEC8D1E39}.Debug|x64.Build.0 = Debug|x64
		{996A5826-6081-487E-BAF9-F21CEC8D1E39}.Release|x64.ActiveCfg = Release|x64
		{996A5826-6081-487E-BAF9-F21CEC8D1E39}.Release|x64.Build.0 = Release|x64
	EndGlobalSection
	GlobalSection(SolutionProperties) = preSolution
		HideSolutionNode = FALSE
	EndGlobalSection
	GlobalSection(ExtensibilityGlobals) = postSolution
		SolutionGuid = {0B653A14-8E37-4CFC-9404-F8EBBE83B237}
	EndGlobalSection
EndGlobal
