
Microsoft Visual Studio Solution File, Format Version 12.00
# Visual Studio Version 17
VisualStudioVersion = 17.11.35222.181
MinimumVisualStudioVersion = 10.0.40219.1
Project("{FAE04EC0-301F-11D3-BF4B-00C04F79EFBC}") = "PullReqInfoCollector", "PullReqInfoCollector\PullReqInfoCollector.csproj", "{996A5826-6081-487E-BAF9-F21CEC8D1E39}"
EndProject
Global
	GlobalSection(SolutionConfigurationPlatforms) = preSolution
		Debug|Any CPU = Debug|Any CPU
		Release|Any CPU = Release|Any CPU
	EndGlobalSection
	GlobalSection(ProjectConfigurationPlatforms) = postSolution
		{996A5826-6081-487E-BAF9-F21CEC8D1E39}.Debug|Any CPU.ActiveCfg = Debug|Any CPU
		{996A5826-6081-487E-BAF9-F21CEC8D1E39}.Debug|Any CPU.Build.0 = Debug|Any CPU
		{996A5826-6081-487E-BAF9-F21CEC8D1E39}.Release|Any CPU.ActiveCfg = Release|Any CPU
		{996A5826-6081-487E-BAF9-F21CEC8D1E39}.Release|Any CPU.Build.0 = Release|Any CPU
	EndGlobalSection
	GlobalSection(SolutionProperties) = preSolution
		HideSolutionNode = FALSE
	EndGlobalSection
	GlobalSection(ExtensibilityGlobals) = postSolution
		SolutionGuid = {0B653A14-8E37-4CFC-9404-F8EBBE83B237}
	EndGlobalSection
EndGlobal
